// !$*UTF8*$!
{
	archiveVersion = 1;
	classes = {
	};
	objectVersion = 46;
	objects = {

/* Begin PBXBuildFile section */
		3606D5651E884CE700A4A1A0 /* AppDelegate.swift in Sources */ = {isa = PBXBuildFile; fileRef = 3606D5641E884CE700A4A1A0 /* AppDelegate.swift */; };
		3606D56A1E884CE700A4A1A0 /* Main.storyboard in Resources */ = {isa = PBXBuildFile; fileRef = 3606D5681E884CE700A4A1A0 /* Main.storyboard */; };
		3606D56C1E884CE700A4A1A0 /* Assets.xcassets in Resources */ = {isa = PBXBuildFile; fileRef = 3606D56B1E884CE700A4A1A0 /* Assets.xcassets */; };
		3606D56F1E884CE700A4A1A0 /* LaunchScreen.storyboard in Resources */ = {isa = PBXBuildFile; fileRef = 3606D56D1E884CE700A4A1A0 /* LaunchScreen.storyboard */; };
		3606D5781E88DC4800A4A1A0 /* NavigationBar.swift in Sources */ = {isa = PBXBuildFile; fileRef = 3606D5771E88DC4800A4A1A0 /* NavigationBar.swift */; };
		3606D57A1E88DC7600A4A1A0 /* NavigationItem.swift in Sources */ = {isa = PBXBuildFile; fileRef = 3606D5791E88DC7600A4A1A0 /* NavigationItem.swift */; };
		3606D57C1E88DC8500A4A1A0 /* NavigationBarStyle.swift in Sources */ = {isa = PBXBuildFile; fileRef = 3606D57B1E88DC8500A4A1A0 /* NavigationBarStyle.swift */; };
		3606D57E1E88DF1100A4A1A0 /* MasterViewController.swift in Sources */ = {isa = PBXBuildFile; fileRef = 3606D57D1E88DF1100A4A1A0 /* MasterViewController.swift */; };
		3606D5801E88DF1700A4A1A0 /* DetailViewController.swift in Sources */ = {isa = PBXBuildFile; fileRef = 3606D57F1E88DF1700A4A1A0 /* DetailViewController.swift */; };
		3606D5831E88E94600A4A1A0 /* NavigationController.swift in Sources */ = {isa = PBXBuildFile; fileRef = 3606D5811E88E80600A4A1A0 /* NavigationController.swift */; };
/* End PBXBuildFile section */

/* Begin PBXFileReference section */
		3606D5611E884CE700A4A1A0 /* NavigationBarTransitioning.app */ = {isa = PBXFileReference; explicitFileType = wrapper.application; includeInIndex = 0; path = NavigationBarTransitioning.app; sourceTree = BUILT_PRODUCTS_DIR; };
		3606D5641E884CE700A4A1A0 /* AppDelegate.swift */ = {isa = PBXFileReference; lastKnownFileType = sourcecode.swift; path = AppDelegate.swift; sourceTree = "<group>"; };
		3606D5691E884CE700A4A1A0 /* Base */ = {isa = PBXFileReference; lastKnownFileType = file.storyboard; name = Base; path = Base.lproj/Main.storyboard; sourceTree = "<group>"; };
		3606D56B1E884CE700A4A1A0 /* Assets.xcassets */ = {isa = PBXFileReference; lastKnownFileType = folder.assetcatalog; path = Assets.xcassets; sourceTree = "<group>"; };
		3606D56E1E884CE700A4A1A0 /* Base */ = {isa = PBXFileReference; lastKnownFileType = file.storyboard; name = Base; path = Base.lproj/LaunchScreen.storyboard; sourceTree = "<group>"; };
		3606D5701E884CE700A4A1A0 /* Info.plist */ = {isa = PBXFileReference; lastKnownFileType = text.plist.xml; path = Info.plist; sourceTree = "<group>"; };
		3606D5771E88DC4800A4A1A0 /* NavigationBar.swift */ = {isa = PBXFileReference; fileEncoding = 4; lastKnownFileType = sourcecode.swift; path = NavigationBar.swift; sourceTree = "<group>"; };
		3606D5791E88DC7600A4A1A0 /* NavigationItem.swift */ = {isa = PBXFileReference; fileEncoding = 4; lastKnownFileType = sourcecode.swift; path = NavigationItem.swift; sourceTree = "<group>"; };
		3606D57B1E88DC8500A4A1A0 /* NavigationBarStyle.swift */ = {isa = PBXFileReference; fileEncoding = 4; lastKnownFileType = sourcecode.swift; path = NavigationBarStyle.swift; sourceTree = "<group>"; };
		3606D57D1E88DF1100A4A1A0 /* MasterViewController.swift */ = {isa = PBXFileReference; fileEncoding = 4; lastKnownFileType = sourcecode.swift; path = MasterViewController.swift; sourceTree = "<group>"; };
		3606D57F1E88DF1700A4A1A0 /* DetailViewController.swift */ = {isa = PBXFileReference; fileEncoding = 4; lastKnownFileType = sourcecode.swift; path = DetailViewController.swift; sourceTree = "<group>"; };
		3606D5811E88E80600A4A1A0 /* NavigationController.swift */ = {isa = PBXFileReference; fileEncoding = 4; lastKnownFileType = sourcecode.swift; path = NavigationController.swift; sourceTree = "<group>"; };
/* End PBXFileReference section */

/* Begin PBXFrameworksBuildPhase section */
		3606D55E1E884CE700A4A1A0 /* Frameworks */ = {
			isa = PBXFrameworksBuildPhase;
			buildActionMask = 2147483647;
			files = (
			);
			runOnlyForDeploymentPostprocessing = 0;
		};
/* End PBXFrameworksBuildPhase section */

/* Begin PBXGroup section */
		3606D5581E884CE700A4A1A0 = {
			isa = PBXGroup;
			children = (
				3606D5631E884CE700A4A1A0 /* NavigationBarTransitioning */,
				3606D5621E884CE700A4A1A0 /* Products */,
			);
			sourceTree = "<group>";
		};
		3606D5621E884CE700A4A1A0 /* Products */ = {
			isa = PBXGroup;
			children = (
				3606D5611E884CE700A4A1A0 /* NavigationBarTransitioning.app */,
			);
			name = Products;
			sourceTree = "<group>";
		};
		3606D5631E884CE700A4A1A0 /* NavigationBarTransitioning */ = {
			isa = PBXGroup;
			children = (
				3606D5761E88DC2D00A4A1A0 /* NavigationBar */,
				3606D5641E884CE700A4A1A0 /* AppDelegate.swift */,
				3606D57D1E88DF1100A4A1A0 /* MasterViewController.swift */,
				3606D57F1E88DF1700A4A1A0 /* DetailViewController.swift */,
				3606D5681E884CE700A4A1A0 /* Main.storyboard */,
				3606D56B1E884CE700A4A1A0 /* Assets.xcassets */,
				3606D56D1E884CE700A4A1A0 /* LaunchScreen.storyboard */,
				3606D5701E884CE700A4A1A0 /* Info.plist */,
			);
			path = NavigationBarTransitioning;
			sourceTree = "<group>";
		};
		3606D5761E88DC2D00A4A1A0 /* NavigationBar */ = {
			isa = PBXGroup;
			children = (
				3606D5811E88E80600A4A1A0 /* NavigationController.swift */,
				3606D5771E88DC4800A4A1A0 /* NavigationBar.swift */,
				3606D5791E88DC7600A4A1A0 /* NavigationItem.swift */,
				3606D57B1E88DC8500A4A1A0 /* NavigationBarStyle.swift */,
			);
			name = NavigationBar;
			sourceTree = "<group>";
		};
/* End PBXGroup section */

/* Begin PBXNativeTarget section */
		3606D5601E884CE700A4A1A0 /* NavigationBarTransitioning */ = {
			isa = PBXNativeTarget;
			buildConfigurationList = 3606D5731E884CE700A4A1A0 /* Build configuration list for PBXNativeTarget "NavigationBarTransitioning" */;
			buildPhases = (
				3606D55D1E884CE700A4A1A0 /* Sources */,
				3606D55E1E884CE700A4A1A0 /* Frameworks */,
				3606D55F1E884CE700A4A1A0 /* Resources */,
			);
			buildRules = (
			);
			dependencies = (
			);
			name = NavigationBarTransitioning;
			productName = NavigationBarTransitioning;
			productReference = 3606D5611E884CE700A4A1A0 /* NavigationBarTransitioning.app */;
			productType = "com.apple.product-type.application";
		};
/* End PBXNativeTarget section */

/* Begin PBXProject section */
		3606D5591E884CE700A4A1A0 /* Project object */ = {
			isa = PBXProject;
			attributes = {
				LastSwiftUpdateCheck = 0830;
				LastUpgradeCheck = 0830;
				ORGANIZATIONNAME = "Ilter Cengiz";
				TargetAttributes = {
					3606D5601E884CE700A4A1A0 = {
						CreatedOnToolsVersion = 8.3;
						DevelopmentTeam = P8EBW8LF2M;
						ProvisioningStyle = Automatic;
					};
				};
			};
			buildConfigurationList = 3606D55C1E884CE700A4A1A0 /* Build configuration list for PBXProject "NavigationBarTransitioning" */;
			compatibilityVersion = "Xcode 3.2";
			developmentRegion = English;
			hasScannedForEncodings = 0;
			knownRegions = (
				en,
				Base,
			);
			mainGroup = 3606D5581E884CE700A4A1A0;
			productRefGroup = 3606D5621E884CE700A4A1A0 /* Products */;
			projectDirPath = "";
			projectRoot = "";
			targets = (
				3606D5601E884CE700A4A1A0 /* NavigationBarTransitioning */,
			);
		};
/* End PBXProject section */

/* Begin PBXResourcesBuildPhase section */
		3606D55F1E884CE700A4A1A0 /* Resources */ = {
			isa = PBXResourcesBuildPhase;
			buildActionMask = 2147483647;
			files = (
				3606D56F1E884CE700A4A1A0 /* LaunchScreen.storyboard in Resources */,
				3606D56C1E884CE700A4A1A0 /* Assets.xcassets in Resources */,
				3606D56A1E884CE700A4A1A0 /* Main.storyboard in Resources */,
			);
			runOnlyForDeploymentPostprocessing = 0;
		};
/* End PBXResourcesBuildPhase section */

/* Begin PBXSourcesBuildPhase section */
		3606D55D1E884CE700A4A1A0 /* Sources */ = {
			isa = PBXSourcesBuildPhase;
			buildActionMask = 2147483647;
			files = (
				3606D57C1E88DC8500A4A1A0 /* NavigationBarStyle.swift in Sources */,
				3606D57E1E88DF1100A4A1A0 /* MasterViewController.swift in Sources */,
				3606D5651E884CE700A4A1A0 /* AppDelegate.swift in Sources */,
				3606D57A1E88DC7600A4A1A0 /* NavigationItem.swift in Sources */,
				3606D5781E88DC4800A4A1A0 /* NavigationBar.swift in Sources */,
				3606D5831E88E94600A4A1A0 /* NavigationController.swift in Sources */,
				3606D5801E88DF1700A4A1A0 /* DetailViewController.swift in Sources */,
			);
			runOnlyForDeploymentPostprocessing = 0;
		};
/* End PBXSourcesBuildPhase section */

/* Begin PBXVariantGroup section */
		3606D5681E884CE700A4A1A0 /* Main.storyboard */ = {
			isa = PBXVariantGroup;
			children = (
				3606D5691E884CE700A4A1A0 /* Base */,
			);
			name = Main.storyboard;
			sourceTree = "<group>";
		};
		3606D56D1E884CE700A4A1A0 /* LaunchScreen.storyboard */ = {
			isa = PBXVariantGroup;
			children = (
				3606D56E1E884CE700A4A1A0 /* Base */,
			);
			name = LaunchScreen.storyboard;
			sourceTree = "<group>";
		};
/* End PBXVariantGroup section */

/* Begin XCBuildConfiguration section */
		3606D5711E884CE700A4A1A0 /* Debug */ = {
			isa = XCBuildConfiguration;
			buildSettings = {
				ALWAYS_SEARCH_USER_PATHS = NO;
				CLANG_ANALYZER_NONNULL = YES;
				CLANG_ANALYZER_NUMBER_OBJECT_CONVERSION = YES_AGGRESSIVE;
				CLANG_CXX_LANGUAGE_STANDARD = "gnu++0x";
				CLANG_CXX_LIBRARY = "libc++";
				CLANG_ENABLE_MODULES = YES;
				CLANG_ENABLE_OBJC_ARC = YES;
				CLANG_WARN_BOOL_CONVERSION = YES;
				CLANG_WARN_CONSTANT_CONVERSION = YES;
				CLANG_WARN_DIRECT_OBJC_ISA_USAGE = YES_ERROR;
				CLANG_WARN_DOCUMENTATION_COMMENTS = YES;
				CLANG_WARN_EMPTY_BODY = YES;
				CLANG_WARN_ENUM_CONVERSION = YES;
				CLANG_WARN_INFINITE_RECURSION = YES;
				CLANG_WARN_INT_CONVERSION = YES;
				CLANG_WARN_OBJC_ROOT_CLASS = YES_ERROR;
				CLANG_WARN_SUSPICIOUS_MOVE = YES;
				CLANG_WARN_UNREACHABLE_CODE = YES;
				CLANG_WARN__DUPLICATE_METHOD_MATCH = YES;
				"CODE_SIGN_IDENTITY[sdk=iphoneos*]" = "iPhone Developer";
				COPY_PHASE_STRIP = NO;
				DEBUG_INFORMATION_FORMAT = dwarf;
				ENABLE_STRICT_OBJC_MSGSEND = YES;
				ENABLE_TESTABILITY = YES;
				GCC_C_LANGUAGE_STANDARD = gnu99;
				GCC_DYNAMIC_NO_PIC = NO;
				GCC_NO_COMMON_BLOCKS = YES;
				GCC_OPTIMIZATION_LEVEL = 0;
				GCC_PREPROCESSOR_DEFINITIONS = (
					"DEBUG=1",
					"$(inherited)",
				);
				GCC_WARN_64_TO_32_BIT_CONVERSION = YES;
				GCC_WARN_ABOUT_RETURN_TYPE = YES_ERROR;
				GCC_WARN_UNDECLARED_SELECTOR = YES;
				GCC_WARN_UNINITIALIZED_AUTOS = YES_AGGRESSIVE;
				GCC_WARN_UNUSED_FUNCTION = YES;
				GCC_WARN_UNUSED_VARIABLE = YES;
				IPHONEOS_DEPLOYMENT_TARGET = 10.3;
				MTL_ENABLE_DEBUG_INFO = YES;
				ONLY_ACTIVE_ARCH = YES;
				SDKROOT = iphoneos;
				SWIFT_ACTIVE_COMPILATION_CONDITIONS = DEBUG;
				SWIFT_OPTIMIZATION_LEVEL = "-Onone";
			};
			name = Debug;
		};
		3606D5721E884CE700A4A1A0 /* Release */ = {
			isa = XCBuildConfiguration;
			buildSettings = {
				ALWAYS_SEARCH_USER_PATHS = NO;
				CLANG_ANALYZER_NONNULL = YES;
				CLANG_ANALYZER_NUMBER_OBJECT_CONVERSION = YES_AGGRESSIVE;
				CLANG_CXX_LANGUAGE_STANDARD = "gnu++0x";
				CLANG_CXX_LIBRARY = "libc++";
				CLANG_ENABLE_MODULES = YES;
				CLANG_ENABLE_OBJC_ARC = YES;
				CLANG_WARN_BOOL_CONVERSION = YES;
				CLANG_WARN_CONSTANT_CONVERSION = YES;
				CLANG_WARN_DIRECT_OBJC_ISA_USAGE = YES_ERROR;
				CLANG_WARN_DOCUMENTATION_COMMENTS = YES;
				CLANG_WARN_EMPTY_BODY = YES;
				CLANG_WARN_ENUM_CONVERSION = YES;
				CLANG_WARN_INFINITE_RECURSION = YES;
				CLANG_WARN_INT_CONVERSION = YES;
				CLANG_WARN_OBJC_ROOT_CLASS = YES_ERROR;
				CLANG_WARN_SUSPICIOUS_MOVE = YES;
				CLANG_WARN_UNREACHABLE_CODE = YES;
				CLANG_WARN__DUPLICATE_METHOD_MATCH = YES;
				"CODE_SIGN_IDENTITY[sdk=iphoneos*]" = "iPhone Developer";
				COPY_PHASE_STRIP = NO;
				DEBUG_INFORMATION_FORMAT = "dwarf-with-dsym";
				ENABLE_NS_ASSERTIONS = NO;
				ENABLE_STRICT_OBJC_MSGSEND = YES;
				GCC_C_LANGUAGE_STANDARD = gnu99;
				GCC_NO_COMMON_BLOCKS = YES;
				GCC_WARN_64_TO_32_BIT_CONVERSION = YES;
				GCC_WARN_ABOUT_RETURN_TYPE = YES_ERROR;
				GCC_WARN_UNDECLARED_SELECTOR = YES;
				GCC_WARN_UNINITIALIZED_AUTOS = YES_AGGRESSIVE;
				GCC_WARN_UNUSED_FUNCTION = YES;
				GCC_WARN_UNUSED_VARIABLE = YES;
				IPHONEOS_DEPLOYMENT_TARGET = 10.3;
				MTL_ENABLE_DEBUG_INFO = NO;
				SDKROOT = iphoneos;
				SWIFT_OPTIMIZATION_LEVEL = "-Owholemodule";
				VALIDATE_PRODUCT = YES;
			};
			name = Release;
		};
		3606D5741E884CE700A4A1A0 /* Debug */ = {
			isa = XCBuildConfiguration;
			buildSettings = {
				ASSETCATALOG_COMPILER_APPICON_NAME = AppIcon;
				DEVELOPMENT_TEAM = P8EBW8LF2M;
				INFOPLIST_FILE = NavigationBarTransitioning/Info.plist;
				LD_RUNPATH_SEARCH_PATHS = "$(inherited) @executable_path/Frameworks";
				PRODUCT_BUNDLE_IDENTIFIER = info.iltercengiz.iOS.NavigationBarTransitioning;
				PRODUCT_NAME = "$(TARGET_NAME)";
				SWIFT_VERSION = 3.0;
			};
			name = Debug;
		};
		3606D5751E884CE700A4A1A0 /* Release */ = {
			isa = XCBuildConfiguration;
			buildSettings = {
				ASSETCATALOG_COMPILER_APPICON_NAME = AppIcon;
				DEVELOPMENT_TEAM = P8EBW8LF2M;
				INFOPLIST_FILE = NavigationBarTransitioning/Info.plist;
				LD_RUNPATH_SEARCH_PATHS = "$(inherited) @executable_path/Frameworks";
				PRODUCT_BUNDLE_IDENTIFIER = info.iltercengiz.iOS.NavigationBarTransitioning;
				PRODUCT_NAME = "$(TARGET_NAME)";
				SWIFT_VERSION = 3.0;
			};
			name = Release;
		};
/* End XCBuildConfiguration section */

/* Begin XCConfigurationList section */
		3606D55C1E884CE700A4A1A0 /* Build configuration list for PBXProject "NavigationBarTransitioning" */ = {
			isa = XCConfigurationList;
			buildConfigurations = (
				3606D5711E884CE700A4A1A0 /* Debug */,
				3606D5721E884CE700A4A1A0 /* Release */,
			);
			defaultConfigurationIsVisible = 0;
			defaultConfigurationName = Release;
		};
		3606D5731E884CE700A4A1A0 /* Build configuration list for PBXNativeTarget "NavigationBarTransitioning" */ = {
			isa = XCConfigurationList;
			buildConfigurations = (
				3606D5741E884CE700A4A1A0 /* Debug */,
				3606D5751E884CE700A4A1A0 /* Release */,
			);
			defaultConfigurationIsVisible = 0;
		};
/* End XCConfigurationList section */
	};
	rootObject = 3606D5591E884CE700A4A1A0 /* Project object */;
}
